// !$*UTF8*$!
{
	archiveVersion = 1;
	classes = {
	};
	objectVersion = 46;
	objects = {

/* Begin PBXBuildFile section */
		6DE96D321F35516BBF4EF208 /* Pods_3DS_FBI_Link.framework in Frameworks */ = {isa = PBXBuildFile; fileRef = 8C4910BA45DB7B2F8E60E31F /* Pods_3DS_FBI_Link.framework */; };
		8B26BA7B1E328248005E2BFE /* AppDelegate.swift in Sources */ = {isa = PBXBuildFile; fileRef = 8B26BA7A1E328248005E2BFE /* AppDelegate.swift */; };
		8B26BA7D1E328248005E2BFE /* ViewController.swift in Sources */ = {isa = PBXBuildFile; fileRef = 8B26BA7C1E328248005E2BFE /* ViewController.swift */; };
		8B26BA7F1E328248005E2BFE /* Assets.xcassets in Resources */ = {isa = PBXBuildFile; fileRef = 8B26BA7E1E328248005E2BFE /* Assets.xcassets */; };
		8B26BA821E328248005E2BFE /* Main.storyboard in Resources */ = {isa = PBXBuildFile; fileRef = 8B26BA801E328248005E2BFE /* Main.storyboard */; };
		8B26BAA11E32920E005E2BFE /* About.txt in Resources */ = {isa = PBXBuildFile; fileRef = 8B26BA8C1E32920E005E2BFE /* About.txt */; };
		8B26BAEA1E32C3E9005E2BFE /* VKMConsoleManager.swift in Sources */ = {isa = PBXBuildFile; fileRef = 8B26BAE91E32C3E9005E2BFE /* VKMConsoleManager.swift */; };
		8B26BAEC1E32C40C005E2BFE /* VKMFileManager.swift in Sources */ = {isa = PBXBuildFile; fileRef = 8B26BAEB1E32C40C005E2BFE /* VKMFileManager.swift */; };
		8B26BAEE1E330725005E2BFE /* VKMFullView.swift in Sources */ = {isa = PBXBuildFile; fileRef = 8B26BAED1E330725005E2BFE /* VKMFullView.swift */; };
		8B8E822E1E372673000AFEB3 /* VKMTableView.swift in Sources */ = {isa = PBXBuildFile; fileRef = 8B8E822D1E372673000AFEB3 /* VKMTableView.swift */; };
/* End PBXBuildFile section */

/* Begin PBXFileReference section */
		049B0A33C200999741B012E2 /* Pods-3DS FBI Link.release.xcconfig */ = {isa = PBXFileReference; includeInIndex = 1; lastKnownFileType = text.xcconfig; name = "Pods-3DS FBI Link.release.xcconfig"; path = "Pods/Target Support Files/Pods-3DS FBI Link/Pods-3DS FBI Link.release.xcconfig"; sourceTree = "<group>"; };
		7E594DB3AD5CF1266A20E433 /* Pods-3ds FBI Link.debug.xcconfig */ = {isa = PBXFileReference; includeInIndex = 1; lastKnownFileType = text.xcconfig; name = "Pods-3ds FBI Link.debug.xcconfig"; path = "Pods/Target Support Files/Pods-3ds FBI Link/Pods-3ds FBI Link.debug.xcconfig"; sourceTree = "<group>"; };
		8B26BA771E328248005E2BFE /* 3DS FBI Link.app */ = {isa = PBXFileReference; explicitFileType = wrapper.application; includeInIndex = 0; path = "3DS FBI Link.app"; sourceTree = BUILT_PRODUCTS_DIR; };
		8B26BA7A1E328248005E2BFE /* AppDelegate.swift */ = {isa = PBXFileReference; lastKnownFileType = sourcecode.swift; path = AppDelegate.swift; sourceTree = "<group>"; };
		8B26BA7C1E328248005E2BFE /* ViewController.swift */ = {isa = PBXFileReference; lastKnownFileType = sourcecode.swift; path = ViewController.swift; sourceTree = "<group>"; };
		8B26BA7E1E328248005E2BFE /* Assets.xcassets */ = {isa = PBXFileReference; lastKnownFileType = folder.assetcatalog; path = Assets.xcassets; sourceTree = "<group>"; };
		8B26BA811E328248005E2BFE /* Base */ = {isa = PBXFileReference; lastKnownFileType = file.storyboard; name = Base; path = Base.lproj/Main.storyboard; sourceTree = "<group>"; };
		8B26BA831E328248005E2BFE /* Info.plist */ = {isa = PBXFileReference; lastKnownFileType = text.plist.xml; path = Info.plist; sourceTree = "<group>"; };
		8B26BA891E328268005E2BFE /* 3ds FBI Link.entitlements */ = {isa = PBXFileReference; lastKnownFileType = text.plist.entitlements; path = "3ds FBI Link.entitlements"; sourceTree = "<group>"; };
		8B26BA8C1E32920E005E2BFE /* About.txt */ = {isa = PBXFileReference; fileEncoding = 4; lastKnownFileType = text; path = About.txt; sourceTree = "<group>"; };
		8B26BAE91E32C3E9005E2BFE /* VKMConsoleManager.swift */ = {isa = PBXFileReference; fileEncoding = 4; lastKnownFileType = sourcecode.swift; path = VKMConsoleManager.swift; sourceTree = "<group>"; };
		8B26BAEB1E32C40C005E2BFE /* VKMFileManager.swift */ = {isa = PBXFileReference; fileEncoding = 4; lastKnownFileType = sourcecode.swift; lineEnding = 0; path = VKMFileManager.swift; sourceTree = "<group>"; xcLanguageSpecificationIdentifier = xcode.lang.swift; };
		8B26BAED1E330725005E2BFE /* VKMFullView.swift */ = {isa = PBXFileReference; fileEncoding = 4; lastKnownFileType = sourcecode.swift; path = VKMFullView.swift; sourceTree = "<group>"; };
		8B8E822D1E372673000AFEB3 /* VKMTableView.swift */ = {isa = PBXFileReference; fileEncoding = 4; lastKnownFileType = sourcecode.swift; path = VKMTableView.swift; sourceTree = "<group>"; };
		8C4910BA45DB7B2F8E60E31F /* Pods_3DS_FBI_Link.framework */ = {isa = PBXFileReference; explicitFileType = wrapper.framework; includeInIndex = 0; path = Pods_3DS_FBI_Link.framework; sourceTree = BUILT_PRODUCTS_DIR; };
		AC8D17C738F7D6AC56BFE28C /* Pods-3ds FBI Link.release.xcconfig */ = {isa = PBXFileReference; includeInIndex = 1; lastKnownFileType = text.xcconfig; name = "Pods-3ds FBI Link.release.xcconfig"; path = "Pods/Target Support Files/Pods-3ds FBI Link/Pods-3ds FBI Link.release.xcconfig"; sourceTree = "<group>"; };
		C2051D55A975107609415EED /* Pods-3DS FBI Link.debug.xcconfig */ = {isa = PBXFileReference; includeInIndex = 1; lastKnownFileType = text.xcconfig; name = "Pods-3DS FBI Link.debug.xcconfig"; path = "Pods/Target Support Files/Pods-3DS FBI Link/Pods-3DS FBI Link.debug.xcconfig"; sourceTree = "<group>"; };
/* End PBXFileReference section */

/* Begin PBXFrameworksBuildPhase section */
		8B26BA741E328247005E2BFE /* Frameworks */ = {
			isa = PBXFrameworksBuildPhase;
			buildActionMask = 2147483647;
			files = (
				6DE96D321F35516BBF4EF208 /* Pods_3DS_FBI_Link.framework in Frameworks */,
			);
			runOnlyForDeploymentPostprocessing = 0;
		};
/* End PBXFrameworksBuildPhase section */

/* Begin PBXGroup section */
		15863EDABEF7EB2900A9AA30 /* Pods */ = {
			isa = PBXGroup;
			children = (
				7E594DB3AD5CF1266A20E433 /* Pods-3ds FBI Link.debug.xcconfig */,
				AC8D17C738F7D6AC56BFE28C /* Pods-3ds FBI Link.release.xcconfig */,
				C2051D55A975107609415EED /* Pods-3DS FBI Link.debug.xcconfig */,
				049B0A33C200999741B012E2 /* Pods-3DS FBI Link.release.xcconfig */,
			);
			name = Pods;
			sourceTree = "<group>";
		};
		5730180BD2A6B10E4B37BE52 /* Frameworks */ = {
			isa = PBXGroup;
			children = (
				8C4910BA45DB7B2F8E60E31F /* Pods_3DS_FBI_Link.framework */,
			);
			name = Frameworks;
			sourceTree = "<group>";
		};
		8B26BA6E1E328247005E2BFE = {
			isa = PBXGroup;
			children = (
				8B26BA8B1E32920E005E2BFE /* CocoaAsyncSocket */,
				8B26BA791E328248005E2BFE /* 3ds FBI Link */,
				8B26BA781E328248005E2BFE /* Products */,
				15863EDABEF7EB2900A9AA30 /* Pods */,
				5730180BD2A6B10E4B37BE52 /* Frameworks */,
			);
			indentWidth = 4;
			sourceTree = "<group>";
			tabWidth = 4;
		};
		8B26BA781E328248005E2BFE /* Products */ = {
			isa = PBXGroup;
			children = (
				8B26BA771E328248005E2BFE /* 3DS FBI Link.app */,
			);
			name = Products;
			sourceTree = "<group>";
		};
		8B26BA791E328248005E2BFE /* 3ds FBI Link */ = {
			isa = PBXGroup;
			children = (
				8B26BA891E328268005E2BFE /* 3ds FBI Link.entitlements */,
				8B26BA7E1E328248005E2BFE /* Assets.xcassets */,
				8B26BA801E328248005E2BFE /* Main.storyboard */,
				8B26BA7A1E328248005E2BFE /* AppDelegate.swift */,
				8B26BA7C1E328248005E2BFE /* ViewController.swift */,
				8B26BAEB1E32C40C005E2BFE /* VKMFileManager.swift */,
				8B26BAE91E32C3E9005E2BFE /* VKMConsoleManager.swift */,
				8B26BAED1E330725005E2BFE /* VKMFullView.swift */,
				8B26BA831E328248005E2BFE /* Info.plist */,
				8B8E822D1E372673000AFEB3 /* VKMTableView.swift */,
			);
			path = "3ds FBI Link";
			sourceTree = "<group>";
		};
		8B26BA8B1E32920E005E2BFE /* CocoaAsyncSocket */ = {
			isa = PBXGroup;
			children = (
				8B26BA8C1E32920E005E2BFE /* About.txt */,
			);
			path = CocoaAsyncSocket;
			sourceTree = "<group>";
		};
/* End PBXGroup section */

/* Begin PBXNativeTarget section */
		8B26BA761E328247005E2BFE /* 3DS FBI Link */ = {
			isa = PBXNativeTarget;
			buildConfigurationList = 8B26BA861E328248005E2BFE /* Build configuration list for PBXNativeTarget "3DS FBI Link" */;
			buildPhases = (
				3E79DBE2007147F1FDBE6D05 /* [CP] Check Pods Manifest.lock */,
				8B26BA731E328247005E2BFE /* Sources */,
				8B26BA741E328247005E2BFE /* Frameworks */,
				8B26BA751E328247005E2BFE /* Resources */,
				6D29ADA4D4DB76875BBED150 /* [CP] Embed Pods Frameworks */,
			);
			buildRules = (
			);
			dependencies = (
			);
			name = "3DS FBI Link";
			productName = "3ds FBI Link";
			productReference = 8B26BA771E328248005E2BFE /* 3DS FBI Link.app */;
			productType = "com.apple.product-type.application";
		};
/* End PBXNativeTarget section */

/* Begin PBXProject section */
		8B26BA6F1E328247005E2BFE /* Project object */ = {
			isa = PBXProject;
			attributes = {
				LastSwiftUpdateCheck = 0820;
				LastUpgradeCheck = 0820;
				ORGANIZATIONNAME = "Varun Mehta";
				TargetAttributes = {
					8B26BA761E328247005E2BFE = {
						CreatedOnToolsVersion = 8.2;
						DevelopmentTeam = T63USDNCCE;
						ProvisioningStyle = Automatic;
						SystemCapabilities = {
							com.apple.Sandbox = {
								enabled = 0;
							};
						};
					};
				};
			};
			buildConfigurationList = 8B26BA721E328247005E2BFE /* Build configuration list for PBXProject "3DS FBI Link" */;
			compatibilityVersion = "Xcode 3.2";
			developmentRegion = English;
			hasScannedForEncodings = 0;
			knownRegions = (
				English,
				en,
				Base,
			);
			mainGroup = 8B26BA6E1E328247005E2BFE;
			productRefGroup = 8B26BA781E328248005E2BFE /* Products */;
			projectDirPath = "";
			projectRoot = "";
			targets = (
				8B26BA761E328247005E2BFE /* 3DS FBI Link */,
			);
		};
/* End PBXProject section */

/* Begin PBXResourcesBuildPhase section */
		8B26BA751E328247005E2BFE /* Resources */ = {
			isa = PBXResourcesBuildPhase;
			buildActionMask = 2147483647;
			files = (
				8B26BAA11E32920E005E2BFE /* About.txt in Resources */,
				8B26BA7F1E328248005E2BFE /* Assets.xcassets in Resources */,
				8B26BA821E328248005E2BFE /* Main.storyboard in Resources */,
			);
			runOnlyForDeploymentPostprocessing = 0;
		};
/* End PBXResourcesBuildPhase section */

/* Begin PBXShellScriptBuildPhase section */
		3E79DBE2007147F1FDBE6D05 /* [CP] Check Pods Manifest.lock */ = {
			isa = PBXShellScriptBuildPhase;
			buildActionMask = 2147483647;
			files = (
			);
			inputPaths = (
				"${PODS_PODFILE_DIR_PATH}/Podfile.lock",
				"${PODS_ROOT}/Manifest.lock",
			);
			name = "[CP] Check Pods Manifest.lock";
			outputPaths = (
				"$(DERIVED_FILE_DIR)/Pods-3DS FBI Link-checkManifestLockResult.txt",
			);
			runOnlyForDeploymentPostprocessing = 0;
			shellPath = /bin/sh;
			shellScript = "diff \"${PODS_PODFILE_DIR_PATH}/Podfile.lock\" \"${PODS_ROOT}/Manifest.lock\" > /dev/null\nif [ $? != 0 ] ; then\n    # print error to STDERR\n    echo \"error: The sandbox is not in sync with the Podfile.lock. Run 'pod install' or update your CocoaPods installation.\" >&2\n    exit 1\nfi\n# This output is used by Xcode 'outputs' to avoid re-running this script phase.\necho \"SUCCESS\" > \"${SCRIPT_OUTPUT_FILE_0}\"\n";
			showEnvVarsInLog = 0;
		};
		6D29ADA4D4DB76875BBED150 /* [CP] Embed Pods Frameworks */ = {
			isa = PBXShellScriptBuildPhase;
			buildActionMask = 2147483647;
			files = (
			);
			inputPaths = (
				"${PODS_ROOT}/Target Support Files/Pods-3DS FBI Link/Pods-3DS FBI Link-frameworks.sh",
				"${BUILT_PRODUCTS_DIR}/CocoaAsyncSocket/CocoaAsyncSocket.framework",
				"${BUILT_PRODUCTS_DIR}/GCDWebServer/GCDWebServer.framework",
			);
			name = "[CP] Embed Pods Frameworks";
			outputPaths = (
				"${TARGET_BUILD_DIR}/${FRAMEWORKS_FOLDER_PATH}/CocoaAsyncSocket.framework",
				"${TARGET_BUILD_DIR}/${FRAMEWORKS_FOLDER_PATH}/GCDWebServer.framework",
			);
			runOnlyForDeploymentPostprocessing = 0;
			shellPath = /bin/sh;
			shellScript = "\"${PODS_ROOT}/Target Support Files/Pods-3DS FBI Link/Pods-3DS FBI Link-frameworks.sh\"\n";
			showEnvVarsInLog = 0;
		};
/* End PBXShellScriptBuildPhase section */

/* Begin PBXSourcesBuildPhase section */
		8B26BA731E328247005E2BFE /* Sources */ = {
			isa = PBXSourcesBuildPhase;
			buildActionMask = 2147483647;
			files = (
				8B8E822E1E372673000AFEB3 /* VKMTableView.swift in Sources */,
				8B26BAEE1E330725005E2BFE /* VKMFullView.swift in Sources */,
				8B26BAEA1E32C3E9005E2BFE /* VKMConsoleManager.swift in Sources */,
				8B26BAEC1E32C40C005E2BFE /* VKMFileManager.swift in Sources */,
				8B26BA7D1E328248005E2BFE /* ViewController.swift in Sources */,
				8B26BA7B1E328248005E2BFE /* AppDelegate.swift in Sources */,
			);
			runOnlyForDeploymentPostprocessing = 0;
		};
/* End PBXSourcesBuildPhase section */

/* Begin PBXVariantGroup section */
		8B26BA801E328248005E2BFE /* Main.storyboard */ = {
			isa = PBXVariantGroup;
			children = (
				8B26BA811E328248005E2BFE /* Base */,
			);
			name = Main.storyboard;
			sourceTree = "<group>";
		};
/* End PBXVariantGroup section */

/* Begin XCBuildConfiguration section */
		8B26BA841E328248005E2BFE /* Debug */ = {
			isa = XCBuildConfiguration;
			buildSettings = {
				ALWAYS_SEARCH_USER_PATHS = NO;
				CLANG_ANALYZER_NONNULL = YES;
				CLANG_CXX_LANGUAGE_STANDARD = "gnu++0x";
				CLANG_CXX_LIBRARY = "libc++";
				CLANG_ENABLE_MODULES = YES;
				CLANG_ENABLE_OBJC_ARC = YES;
				CLANG_WARN_BOOL_CONVERSION = YES;
				CLANG_WARN_CONSTANT_CONVERSION = YES;
				CLANG_WARN_DIRECT_OBJC_ISA_USAGE = YES_ERROR;
				CLANG_WARN_DOCUMENTATION_COMMENTS = YES;
				CLANG_WARN_EMPTY_BODY = YES;
				CLANG_WARN_ENUM_CONVERSION = YES;
				CLANG_WARN_INFINITE_RECURSION = YES;
				CLANG_WARN_INT_CONVERSION = YES;
				CLANG_WARN_OBJC_ROOT_CLASS = YES_ERROR;
				CLANG_WARN_SUSPICIOUS_MOVE = YES;
				CLANG_WARN_UNREACHABLE_CODE = YES;
				CLANG_WARN__DUPLICATE_METHOD_MATCH = YES;
				CODE_SIGN_IDENTITY = "-";
				COPY_PHASE_STRIP = NO;
				DEBUG_INFORMATION_FORMAT = dwarf;
				ENABLE_STRICT_OBJC_MSGSEND = YES;
				ENABLE_TESTABILITY = YES;
				GCC_C_LANGUAGE_STANDARD = gnu99;
				GCC_DYNAMIC_NO_PIC = NO;
				GCC_NO_COMMON_BLOCKS = YES;
				GCC_OPTIMIZATION_LEVEL = 0;
				GCC_PREPROCESSOR_DEFINITIONS = (
					"DEBUG=1",
					"$(inherited)",
				);
				GCC_WARN_64_TO_32_BIT_CONVERSION = YES;
				GCC_WARN_ABOUT_RETURN_TYPE = YES_ERROR;
				GCC_WARN_UNDECLARED_SELECTOR = YES;
				GCC_WARN_UNINITIALIZED_AUTOS = YES_AGGRESSIVE;
				GCC_WARN_UNUSED_FUNCTION = YES;
				GCC_WARN_UNUSED_VARIABLE = YES;
				MACOSX_DEPLOYMENT_TARGET = 10.12;
				MTL_ENABLE_DEBUG_INFO = YES;
				ONLY_ACTIVE_ARCH = YES;
				SDKROOT = macosx;
				SWIFT_ACTIVE_COMPILATION_CONDITIONS = DEBUG;
				SWIFT_OPTIMIZATION_LEVEL = "-Onone";
			};
			name = Debug;
		};
		8B26BA851E328248005E2BFE /* Release */ = {
			isa = XCBuildConfiguration;
			buildSettings = {
				ALWAYS_SEARCH_USER_PATHS = NO;
				CLANG_ANALYZER_NONNULL = YES;
				CLANG_CXX_LANGUAGE_STANDARD = "gnu++0x";
				CLANG_CXX_LIBRARY = "libc++";
				CLANG_ENABLE_MODULES = YES;
				CLANG_ENABLE_OBJC_ARC = YES;
				CLANG_WARN_BOOL_CONVERSION = YES;
				CLANG_WARN_CONSTANT_CONVERSION = YES;
				CLANG_WARN_DIRECT_OBJC_ISA_USAGE = YES_ERROR;
				CLANG_WARN_DOCUMENTATION_COMMENTS = YES;
				CLANG_WARN_EMPTY_BODY = YES;
				CLANG_WARN_ENUM_CONVERSION = YES;
				CLANG_WARN_INFINITE_RECURSION = YES;
				CLANG_WARN_INT_CONVERSION = YES;
				CLANG_WARN_OBJC_ROOT_CLASS = YES_ERROR;
				CLANG_WARN_SUSPICIOUS_MOVE = YES;
				CLANG_WARN_UNREACHABLE_CODE = YES;
				CLANG_WARN__DUPLICATE_METHOD_MATCH = YES;
				CODE_SIGN_IDENTITY = "-";
				COPY_PHASE_STRIP = NO;
				DEBUG_INFORMATION_FORMAT = "dwarf-with-dsym";
				ENABLE_NS_ASSERTIONS = NO;
				ENABLE_STRICT_OBJC_MSGSEND = YES;
				GCC_C_LANGUAGE_STANDARD = gnu99;
				GCC_NO_COMMON_BLOCKS = YES;
				GCC_WARN_64_TO_32_BIT_CONVERSION = YES;
				GCC_WARN_ABOUT_RETURN_TYPE = YES_ERROR;
				GCC_WARN_UNDECLARED_SELECTOR = YES;
				GCC_WARN_UNINITIALIZED_AUTOS = YES_AGGRESSIVE;
				GCC_WARN_UNUSED_FUNCTION = YES;
				GCC_WARN_UNUSED_VARIABLE = YES;
				MACOSX_DEPLOYMENT_TARGET = 10.12;
				MTL_ENABLE_DEBUG_INFO = NO;
				SDKROOT = macosx;
				SWIFT_OPTIMIZATION_LEVEL = "-Owholemodule";
			};
			name = Release;
		};
		8B26BA871E328248005E2BFE /* Debug */ = {
			isa = XCBuildConfiguration;
			baseConfigurationReference = C2051D55A975107609415EED /* Pods-3DS FBI Link.debug.xcconfig */;
			buildSettings = {
				ASSETCATALOG_COMPILER_APPICON_NAME = AppIcon;
				CODE_SIGN_IDENTITY = "";
				COMBINE_HIDPI_IMAGES = YES;
				INFOPLIST_FILE = "3ds FBI Link/Info.plist";
				LD_RUNPATH_SEARCH_PATHS = "$(inherited) @executable_path/../Frameworks";
				MACOSX_DEPLOYMENT_TARGET = 10.13;
				ONLY_ACTIVE_ARCH = NO;
				PRODUCT_BUNDLE_IDENTIFIER = "VKM.-ds-FBI-Link";
				PRODUCT_NAME = "$(TARGET_NAME)";
				SDKROOT = macosx;
				SWIFT_VERSION = 5.0;
			};
			name = Debug;
		};
		8B26BA881E328248005E2BFE /* Release */ = {
			isa = XCBuildConfiguration;
			baseConfigurationReference = 049B0A33C200999741B012E2 /* Pods-3DS FBI Link.release.xcconfig */;
			buildSettings = {
				ASSETCATALOG_COMPILER_APPICON_NAME = AppIcon;
				CODE_SIGN_IDENTITY = "";
				COMBINE_HIDPI_IMAGES = YES;
				INFOPLIST_FILE = "3ds FBI Link/Info.plist";
				LD_RUNPATH_SEARCH_PATHS = "$(inherited) @executable_path/../Frameworks";
				MACOSX_DEPLOYMENT_TARGET = 10.13;
				ONLY_ACTIVE_ARCH = NO;
				PRODUCT_BUNDLE_IDENTIFIER = "VKM.-ds-FBI-Link";
				PRODUCT_NAME = "$(TARGET_NAME)";
				SDKROOT = macosx;
				SWIFT_VERSION = 5.0;
			};
			name = Release;
		};
/* End XCBuildConfiguration section */

/* Begin XCConfigurationList section */
		8B26BA721E328247005E2BFE /* Build configuration list for PBXProject "3DS FBI Link" */ = {
			isa = XCConfigurationList;
			buildConfigurations = (
				8B26BA841E328248005E2BFE /* Debug */,
				8B26BA851E328248005E2BFE /* Release */,
			);
			defaultConfigurationIsVisible = 0;
			defaultConfigurationName = Release;
		};
		8B26BA861E328248005E2BFE /* Build configuration list for PBXNativeTarget "3DS FBI Link" */ = {
			isa = XCConfigurationList;
			buildConfigurations = (
				8B26BA871E328248005E2BFE /* Debug */,
				8B26BA881E328248005E2BFE /* Release */,
			);
			defaultConfigurationIsVisible = 0;
			defaultConfigurationName = Release;
		};
/* End XCConfigurationList section */
	};
	rootObject = 8B26BA6F1E328247005E2BFE /* Project object */;
}
